
Microsoft Visual Studio Solution File, Format Version 12.00
# Visual Studio Version 16
VisualStudioVersion = 16.0.31727.386
MinimumVisualStudioVersion = 10.0.40219.1
Project("{8BC9CEB8-8B4A-11D0-8D11-00A0C91BC942}") = "Ray Tracer SDL2", "Ray Tracer SDL2.vcxproj", "{26328B69-F7F8-4C0C-94B8-AE2BCA4B2AB8}"
EndProject
Global
	GlobalSection(SolutionConfigurationPlatforms) = preSolution
		Debug|x64 = Debug|x64
		Debug|x86 = Debug|x86
		Release|x64 = Release|x64
		Release|x86 = Release|x86
	EndGlobalSection
	GlobalSection(ProjectConfigurationPlatforms) = postSolution
		{26328B69-F7F8-4C0C-94B8-AE2BCA4B2AB8}.Debug|x64.ActiveCfg = Debug|x64
		{26328B69-F7F8-4C0C-94B8-AE2BCA4B2AB8}.Debug|x64.Build.0 = Debug|x64
		{26328B69-F7F8-4C0C-94B8-AE2BCA4B2AB8}.Debug|x86.ActiveCfg = Debug|Win32
		{26328B69-F7F8-4C0C-94B8-AE2BCA4B2AB8}.Debug|x86.Build.0 = Debug|Win32
		{26328B69-F7F8-4C0C-94B8-AE2BCA4B2AB8}.Release|x64.ActiveCfg = Release|x64
		{26328B69-F7F8-4C0C-94B8-AE2BCA4B2AB8}.Release|x64.Build.0 = Release|x64
		{26328B69-F7F8-4C0C-94B8-AE2BCA4B2AB8}.Release|x86.ActiveCfg = Release|Win32
		{26328B69-F7F8-4C0C-94B8-AE2BCA4B2AB8}.Release|x86.Build.0 = Release|Win32
	EndGlobalSection
	GlobalSection(SolutionProperties) = preSolution
		HideSolutionNode = FALSE
	EndGlobalSection
	GlobalSection(ExtensibilityGlobals) = postSolution
		SolutionGuid = {9FD3382E-FDC1-44D7-BE49-D89209F4F15B}
	EndGlobalSection
EndGlobal
